
Microsoft Visual Studio Solution File, Format Version 11.00
# Visual Studio 2010
Project("{FAE04EC0-301F-11D3-BF4B-00C04F79EFBC}") = "Assembly-CSharp", "Assembly-CSharp.csproj", "{3AB56FEE-58C1-7FCA-526F-89923293D9DF}"
EndProject
Project("{FAE04EC0-301F-11D3-BF4B-00C04F79EFBC}") = "Assembly-CSharp-Editor", "Assembly-CSharp-Editor.csproj", "{1BBA8B1D-6B07-FC30-6995-25626C68E4EC}"
EndProject
Global
	GlobalSection(SolutionConfigurationPlatforms) = preSolution
		Debug|Any CPU = Debug|Any CPU
		Release|Any CPU = Release|Any CPU
	EndGlobalSection
	GlobalSection(ProjectConfigurationPlatforms) = postSolution
		{3AB56FEE-58C1-7FCA-526F-89923293D9DF}.Debug|Any CPU.ActiveCfg = Debug|Any CPU
		{3AB56FEE-58C1-7FCA-526F-89923293D9DF}.Debug|Any CPU.Build.0 = Debug|Any CPU
		{3AB56FEE-58C1-7FCA-526F-89923293D9DF}.Release|Any CPU.ActiveCfg = Release|Any CPU
		{3AB56FEE-58C1-7FCA-526F-89923293D9DF}.Release|Any CPU.Build.0 = Release|Any CPU
		{1BBA8B1D-6B07-FC30-6995-25626C68E4EC}.Debug|Any CPU.ActiveCfg = Debug|Any CPU
		{1BBA8B1D-6B07-FC30-6995-25626C68E4EC}.Debug|Any CPU.Build.0 = Debug|Any CPU
		{1BBA8B1D-6B07-FC30-6995-25626C68E4EC}.Release|Any CPU.ActiveCfg = Release|Any CPU
		{1BBA8B1D-6B07-FC30-6995-25626C68E4EC}.Release|Any CPU.Build.0 = Release|Any CPU
	EndGlobalSection
	GlobalSection(SolutionProperties) = preSolution
		HideSolutionNode = FALSE
	EndGlobalSection
EndGlobal
